
Microsoft Visual Studio Solution File, Format Version 12.00
# Visual Studio Version 17
VisualStudioVersion = 17.9.34616.47
MinimumVisualStudioVersion = 10.0.40219.1
Project("{FAE04EC0-301F-11D3-BF4B-00C04F79EFBC}") = "SNTF.Server", "SNTF.Server\SNTF.Server.csproj", "{9AF0A236-95F9-4DF5-965A-D4F7B3AEDAB9}"
EndProject
Project("{54A90642-561A-4BB1-A94E-469ADEE60C69}") = "sntf.client", "sntf.client\sntf.client.esproj", "{07B13502-68D2-480A-901A-4DB5C3D33B8D}"
EndProject
Project("{FAE04EC0-301F-11D3-BF4B-00C04F79EFBC}") = "NunitTesting", "NunitTesting\NunitTesting.csproj", "{5E3F6F2F-D22D-4E0E-ABEC-D82FFF56768E}"
EndProject
Global
	GlobalSection(SolutionConfigurationPlatforms) = preSolution
		Debug|Any CPU = Debug|Any CPU
		Release|Any CPU = Release|Any CPU
	EndGlobalSection
	GlobalSection(ProjectConfigurationPlatforms) = postSolution
		{9AF0A236-95F9-4DF5-965A-D4F7B3AEDAB9}.Debug|Any CPU.ActiveCfg = Debug|Any CPU
		{9AF0A236-95F9-4DF5-965A-D4F7B3AEDAB9}.Debug|Any CPU.Build.0 = Debug|Any CPU
		{9AF0A236-95F9-4DF5-965A-D4F7B3AEDAB9}.Release|Any CPU.ActiveCfg = Release|Any CPU
		{9AF0A236-95F9-4DF5-965A-D4F7B3AEDAB9}.Release|Any CPU.Build.0 = Release|Any CPU
		{07B13502-68D2-480A-901A-4DB5C3D33B8D}.Debug|Any CPU.ActiveCfg = Debug|Any CPU
		{07B13502-68D2-480A-901A-4DB5C3D33B8D}.Debug|Any CPU.Build.0 = Debug|Any CPU
		{07B13502-68D2-480A-901A-4DB5C3D33B8D}.Debug|Any CPU.Deploy.0 = Debug|Any CPU
		{07B13502-68D2-480A-901A-4DB5C3D33B8D}.Release|Any CPU.ActiveCfg = Release|Any CPU
		{07B13502-68D2-480A-901A-4DB5C3D33B8D}.Release|Any CPU.Build.0 = Release|Any CPU
		{07B13502-68D2-480A-901A-4DB5C3D33B8D}.Release|Any CPU.Deploy.0 = Release|Any CPU
		{5E3F6F2F-D22D-4E0E-ABEC-D82FFF56768E}.Debug|Any CPU.ActiveCfg = Debug|Any CPU
		{5E3F6F2F-D22D-4E0E-ABEC-D82FFF56768E}.Debug|Any CPU.Build.0 = Debug|Any CPU
		{5E3F6F2F-D22D-4E0E-ABEC-D82FFF56768E}.Release|Any CPU.ActiveCfg = Release|Any CPU
		{5E3F6F2F-D22D-4E0E-ABEC-D82FFF56768E}.Release|Any CPU.Build.0 = Release|Any CPU
	EndGlobalSection
	GlobalSection(SolutionProperties) = preSolution
		HideSolutionNode = FALSE
	EndGlobalSection
	GlobalSection(ExtensibilityGlobals) = postSolution
		SolutionGuid = {7B0C136C-B5AF-4CE7-BE39-B52411433A7A}
	EndGlobalSection
EndGlobal
